
Microsoft Visual Studio Solution File, Format Version 12.00
# Visual Studio Version 17
VisualStudioVersion = 17.6.33801.468
MinimumVisualStudioVersion = 10.0.40219.1
Project("{FAE04EC0-301F-11D3-BF4B-00C04F79EFBC}") = "Bussiness", "Bussiness\Bussiness.csproj", "{BD908F34-FDF0-426B-9F86-0AEB4A80E7F8}"
EndProject
Project("{FAE04EC0-301F-11D3-BF4B-00C04F79EFBC}") = "DataLayer", "DataLayer\DataLayer.csproj", "{711C75A0-CDB1-4784-B76D-45017B9F0253}"
EndProject
Project("{FAE04EC0-301F-11D3-BF4B-00C04F79EFBC}") = "QuanlyThue", "DXApplication1\QuanlyThue\QuanlyThue.csproj", "{BF1579A9-C0F9-4BF9-A1B0-E3CBB69597E8}"
EndProject
Global
	GlobalSection(SolutionConfigurationPlatforms) = preSolution
		Debug|Any CPU = Debug|Any CPU
		Release|Any CPU = Release|Any CPU
	EndGlobalSection
	GlobalSection(ProjectConfigurationPlatforms) = postSolution
		{BD908F34-FDF0-426B-9F86-0AEB4A80E7F8}.Debug|Any CPU.ActiveCfg = Debug|Any CPU
		{BD908F34-FDF0-426B-9F86-0AEB4A80E7F8}.Debug|Any CPU.Build.0 = Debug|Any CPU
		{BD908F34-FDF0-426B-9F86-0AEB4A80E7F8}.Release|Any CPU.ActiveCfg = Release|Any CPU
		{BD908F34-FDF0-426B-9F86-0AEB4A80E7F8}.Release|Any CPU.Build.0 = Release|Any CPU
		{711C75A0-CDB1-4784-B76D-45017B9F0253}.Debug|Any CPU.ActiveCfg = Debug|Any CPU
		{711C75A0-CDB1-4784-B76D-45017B9F0253}.Debug|Any CPU.Build.0 = Debug|Any CPU
		{711C75A0-CDB1-4784-B76D-45017B9F0253}.Release|Any CPU.ActiveCfg = Release|Any CPU
		{711C75A0-CDB1-4784-B76D-45017B9F0253}.Release|Any CPU.Build.0 = Release|Any CPU
		{BF1579A9-C0F9-4BF9-A1B0-E3CBB69597E8}.Debug|Any CPU.ActiveCfg = Debug|Any CPU
		{BF1579A9-C0F9-4BF9-A1B0-E3CBB69597E8}.Debug|Any CPU.Build.0 = Debug|Any CPU
		{BF1579A9-C0F9-4BF9-A1B0-E3CBB69597E8}.Release|Any CPU.ActiveCfg = Release|Any CPU
		{BF1579A9-C0F9-4BF9-A1B0-E3CBB69597E8}.Release|Any CPU.Build.0 = Release|Any CPU
	EndGlobalSection
	GlobalSection(SolutionProperties) = preSolution
		HideSolutionNode = FALSE
	EndGlobalSection
	GlobalSection(ExtensibilityGlobals) = postSolution
		SolutionGuid = {3F7E336A-8419-4347-9DF5-CD69636C5F4E}
	EndGlobalSection
EndGlobal
